
Microsoft Visual Studio Solution File, Format Version 12.00
# Visual Studio 2012
Project("{8BC9CEB8-8B4A-11D0-8D11-00A0C91BC942}") = "DirectXTK_Windows8", "external\dxtk\DirectXTK_Windows8.vcxproj", "{E0B52AE7-E160-4D32-BF3F-910B785E5A8E}"
EndProject
Project("{8BC9CEB8-8B4A-11D0-8D11-00A0C91BC942}") = "Capstone.Engine", "Capstone.Engine\Capstone.Engine.vcxproj", "{8FB3F0AD-A832-4125-94CE-545FB5CC91EC}"
EndProject
Project("{8BC9CEB8-8B4A-11D0-8D11-00A0C91BC942}") = "Capstone.Core", "Capstone.Core\Capstone.Core.vcxproj", "{9E76EB0D-B292-44FB-AF5F-2D6E569059A3}"
EndProject
Project("{FAE04EC0-301F-11D3-BF4B-00C04F79EFBC}") = "Capstone.Editor", "Capstone.Editor\Capstone.Editor.csproj", "{4D7A3431-0128-4CDD-A6AC-8EDA4796906E}"
EndProject
Project("{2150E333-8FDC-42A3-9474-1A3956D46DE8}") = "Engine", "Engine", "{377DDADF-CD53-4C85-AC90-A3EDD199F243}"
EndProject
Project("{2150E333-8FDC-42A3-9474-1A3956D46DE8}") = "External", "External", "{78DC9DB9-D56A-45D5-BBA6-5B611ABA12C6}"
EndProject
Project("{2150E333-8FDC-42A3-9474-1A3956D46DE8}") = "Apps", "Apps", "{AD880068-4F2F-4483-82E8-E1610CF08EBF}"
EndProject
Global
	GlobalSection(SolutionConfigurationPlatforms) = preSolution
		Debug|ARM = Debug|ARM
		Debug|Win32 = Debug|Win32
		Debug|x64 = Debug|x64
		Release|ARM = Release|ARM
		Release|Win32 = Release|Win32
		Release|x64 = Release|x64
	EndGlobalSection
	GlobalSection(ProjectConfigurationPlatforms) = postSolution
		{E0B52AE7-E160-4D32-BF3F-910B785E5A8E}.Debug|ARM.ActiveCfg = Debug|ARM
		{E0B52AE7-E160-4D32-BF3F-910B785E5A8E}.Debug|ARM.Build.0 = Debug|ARM
		{E0B52AE7-E160-4D32-BF3F-910B785E5A8E}.Debug|Win32.ActiveCfg = Debug|Win32
		{E0B52AE7-E160-4D32-BF3F-910B785E5A8E}.Debug|Win32.Build.0 = Debug|Win32
		{E0B52AE7-E160-4D32-BF3F-910B785E5A8E}.Debug|x64.ActiveCfg = Debug|x64
		{E0B52AE7-E160-4D32-BF3F-910B785E5A8E}.Debug|x64.Build.0 = Debug|x64
		{E0B52AE7-E160-4D32-BF3F-910B785E5A8E}.Release|ARM.ActiveCfg = Release|ARM
		{E0B52AE7-E160-4D32-BF3F-910B785E5A8E}.Release|ARM.Build.0 = Release|ARM
		{E0B52AE7-E160-4D32-BF3F-910B785E5A8E}.Release|Win32.ActiveCfg = Release|Win32
		{E0B52AE7-E160-4D32-BF3F-910B785E5A8E}.Release|Win32.Build.0 = Release|Win32
		{E0B52AE7-E160-4D32-BF3F-910B785E5A8E}.Release|x64.ActiveCfg = Release|x64
		{E0B52AE7-E160-4D32-BF3F-910B785E5A8E}.Release|x64.Build.0 = Release|x64
		{8FB3F0AD-A832-4125-94CE-545FB5CC91EC}.Debug|ARM.ActiveCfg = Debug|ARM
		{8FB3F0AD-A832-4125-94CE-545FB5CC91EC}.Debug|ARM.Build.0 = Debug|ARM
		{8FB3F0AD-A832-4125-94CE-545FB5CC91EC}.Debug|Win32.ActiveCfg = Debug|Win32
		{8FB3F0AD-A832-4125-94CE-545FB5CC91EC}.Debug|Win32.Build.0 = Debug|Win32
		{8FB3F0AD-A832-4125-94CE-545FB5CC91EC}.Debug|x64.ActiveCfg = Debug|x64
		{8FB3F0AD-A832-4125-94CE-545FB5CC91EC}.Debug|x64.Build.0 = Debug|x64
		{8FB3F0AD-A832-4125-94CE-545FB5CC91EC}.Release|ARM.ActiveCfg = Release|ARM
		{8FB3F0AD-A832-4125-94CE-545FB5CC91EC}.Release|ARM.Build.0 = Release|ARM
		{8FB3F0AD-A832-4125-94CE-545FB5CC91EC}.Release|Win32.ActiveCfg = Release|Win32
		{8FB3F0AD-A832-4125-94CE-545FB5CC91EC}.Release|Win32.Build.0 = Release|Win32
		{8FB3F0AD-A832-4125-94CE-545FB5CC91EC}.Release|x64.ActiveCfg = Release|x64
		{8FB3F0AD-A832-4125-94CE-545FB5CC91EC}.Release|x64.Build.0 = Release|x64
		{9E76EB0D-B292-44FB-AF5F-2D6E569059A3}.Debug|ARM.ActiveCfg = Debug|ARM
		{9E76EB0D-B292-44FB-AF5F-2D6E569059A3}.Debug|ARM.Build.0 = Debug|ARM
		{9E76EB0D-B292-44FB-AF5F-2D6E569059A3}.Debug|Win32.ActiveCfg = Debug|Win32
		{9E76EB0D-B292-44FB-AF5F-2D6E569059A3}.Debug|Win32.Build.0 = Debug|Win32
		{9E76EB0D-B292-44FB-AF5F-2D6E569059A3}.Debug|x64.ActiveCfg = Debug|x64
		{9E76EB0D-B292-44FB-AF5F-2D6E569059A3}.Debug|x64.Build.0 = Debug|x64
		{9E76EB0D-B292-44FB-AF5F-2D6E569059A3}.Release|ARM.ActiveCfg = Release|ARM
		{9E76EB0D-B292-44FB-AF5F-2D6E569059A3}.Release|ARM.Build.0 = Release|ARM
		{9E76EB0D-B292-44FB-AF5F-2D6E569059A3}.Release|Win32.ActiveCfg = Release|Win32
		{9E76EB0D-B292-44FB-AF5F-2D6E569059A3}.Release|Win32.Build.0 = Release|Win32
		{9E76EB0D-B292-44FB-AF5F-2D6E569059A3}.Release|x64.ActiveCfg = Release|x64
		{9E76EB0D-B292-44FB-AF5F-2D6E569059A3}.Release|x64.Build.0 = Release|x64
		{4D7A3431-0128-4CDD-A6AC-8EDA4796906E}.Debug|ARM.ActiveCfg = Debug|ARM
		{4D7A3431-0128-4CDD-A6AC-8EDA4796906E}.Debug|ARM.Build.0 = Debug|ARM
		{4D7A3431-0128-4CDD-A6AC-8EDA4796906E}.Debug|ARM.Deploy.0 = Debug|ARM
		{4D7A3431-0128-4CDD-A6AC-8EDA4796906E}.Debug|Win32.ActiveCfg = Debug|x86
		{4D7A3431-0128-4CDD-A6AC-8EDA4796906E}.Debug|Win32.Build.0 = Debug|x86
		{4D7A3431-0128-4CDD-A6AC-8EDA4796906E}.Debug|Win32.Deploy.0 = Debug|x86
		{4D7A3431-0128-4CDD-A6AC-8EDA4796906E}.Debug|x64.ActiveCfg = Debug|x64
		{4D7A3431-0128-4CDD-A6AC-8EDA4796906E}.Debug|x64.Build.0 = Debug|x64
		{4D7A3431-0128-4CDD-A6AC-8EDA4796906E}.Debug|x64.Deploy.0 = Debug|x64
		{4D7A3431-0128-4CDD-A6AC-8EDA4796906E}.Release|ARM.ActiveCfg = Release|ARM
		{4D7A3431-0128-4CDD-A6AC-8EDA4796906E}.Release|ARM.Build.0 = Release|ARM
		{4D7A3431-0128-4CDD-A6AC-8EDA4796906E}.Release|ARM.Deploy.0 = Release|ARM
		{4D7A3431-0128-4CDD-A6AC-8EDA4796906E}.Release|Win32.ActiveCfg = Release|x86
		{4D7A3431-0128-4CDD-A6AC-8EDA4796906E}.Release|Win32.Build.0 = Release|x86
		{4D7A3431-0128-4CDD-A6AC-8EDA4796906E}.Release|Win32.Deploy.0 = Release|x86
		{4D7A3431-0128-4CDD-A6AC-8EDA4796906E}.Release|x64.ActiveCfg = Release|x64
		{4D7A3431-0128-4CDD-A6AC-8EDA4796906E}.Release|x64.Build.0 = Release|x64
		{4D7A3431-0128-4CDD-A6AC-8EDA4796906E}.Release|x64.Deploy.0 = Release|x64
	EndGlobalSection
	GlobalSection(SolutionProperties) = preSolution
		HideSolutionNode = FALSE
	EndGlobalSection
	GlobalSection(NestedProjects) = preSolution
		{E0B52AE7-E160-4D32-BF3F-910B785E5A8E} = {78DC9DB9-D56A-45D5-BBA6-5B611ABA12C6}
		{9E76EB0D-B292-44FB-AF5F-2D6E569059A3} = {377DDADF-CD53-4C85-AC90-A3EDD199F243}
		{8FB3F0AD-A832-4125-94CE-545FB5CC91EC} = {377DDADF-CD53-4C85-AC90-A3EDD199F243}
		{4D7A3431-0128-4CDD-A6AC-8EDA4796906E} = {AD880068-4F2F-4483-82E8-E1610CF08EBF}
	EndGlobalSection
EndGlobal
