
Microsoft Visual Studio Solution File, Format Version 12.00
# Visual Studio 2012
Project("{FAE04EC0-301F-11D3-BF4B-00C04F79EFBC}") = "Capstone", "Capstone\Capstone.csproj", "{B0DDFCB8-915D-4F52-9C1C-5F899AEE8D30}"
EndProject
Project("{2150E333-8FDC-42A3-9474-1A3956D46DE8}") = ".nuget", ".nuget", "{FB7AB25E-CDAB-485C-BEB1-9FDFE540173A}"
	ProjectSection(SolutionItems) = preProject
		.nuget\NuGet.Config = .nuget\NuGet.Config
		.nuget\NuGet.exe = .nuget\NuGet.exe
		.nuget\NuGet.targets = .nuget\NuGet.targets
	EndProjectSection
EndProject
Project("{FAE04EC0-301F-11D3-BF4B-00C04F79EFBC}") = "Capstone.Core", "Capstone.Core\Capstone.Core.csproj", "{3FAA808E-A848-4350-B545-9A561E7DEEDB}"
EndProject
Project("{FAE04EC0-301F-11D3-BF4B-00C04F79EFBC}") = "Capstone.Graphics", "Capstone.Graphics\Capstone.Graphics.csproj", "{DFEAB772-0350-4F32-BD4E-253E68EAF555}"
EndProject
Global
	GlobalSection(SolutionConfigurationPlatforms) = preSolution
		Debug|Any CPU = Debug|Any CPU
		Debug|ARM = Debug|ARM
		Debug|x64 = Debug|x64
		Debug|x86 = Debug|x86
		Release|Any CPU = Release|Any CPU
		Release|ARM = Release|ARM
		Release|x64 = Release|x64
		Release|x86 = Release|x86
	EndGlobalSection
	GlobalSection(ProjectConfigurationPlatforms) = postSolution
		{B0DDFCB8-915D-4F52-9C1C-5F899AEE8D30}.Debug|Any CPU.ActiveCfg = Debug|Any CPU
		{B0DDFCB8-915D-4F52-9C1C-5F899AEE8D30}.Debug|Any CPU.Build.0 = Debug|Any CPU
		{B0DDFCB8-915D-4F52-9C1C-5F899AEE8D30}.Debug|Any CPU.Deploy.0 = Debug|Any CPU
		{B0DDFCB8-915D-4F52-9C1C-5F899AEE8D30}.Debug|ARM.ActiveCfg = Debug|ARM
		{B0DDFCB8-915D-4F52-9C1C-5F899AEE8D30}.Debug|ARM.Build.0 = Debug|ARM
		{B0DDFCB8-915D-4F52-9C1C-5F899AEE8D30}.Debug|ARM.Deploy.0 = Debug|ARM
		{B0DDFCB8-915D-4F52-9C1C-5F899AEE8D30}.Debug|x64.ActiveCfg = Debug|x64
		{B0DDFCB8-915D-4F52-9C1C-5F899AEE8D30}.Debug|x64.Build.0 = Debug|x64
		{B0DDFCB8-915D-4F52-9C1C-5F899AEE8D30}.Debug|x64.Deploy.0 = Debug|x64
		{B0DDFCB8-915D-4F52-9C1C-5F899AEE8D30}.Debug|x86.ActiveCfg = Debug|x86
		{B0DDFCB8-915D-4F52-9C1C-5F899AEE8D30}.Debug|x86.Build.0 = Debug|x86
		{B0DDFCB8-915D-4F52-9C1C-5F899AEE8D30}.Debug|x86.Deploy.0 = Debug|x86
		{B0DDFCB8-915D-4F52-9C1C-5F899AEE8D30}.Release|Any CPU.ActiveCfg = Release|Any CPU
		{B0DDFCB8-915D-4F52-9C1C-5F899AEE8D30}.Release|Any CPU.Build.0 = Release|Any CPU
		{B0DDFCB8-915D-4F52-9C1C-5F899AEE8D30}.Release|Any CPU.Deploy.0 = Release|Any CPU
		{B0DDFCB8-915D-4F52-9C1C-5F899AEE8D30}.Release|ARM.ActiveCfg = Release|ARM
		{B0DDFCB8-915D-4F52-9C1C-5F899AEE8D30}.Release|ARM.Build.0 = Release|ARM
		{B0DDFCB8-915D-4F52-9C1C-5F899AEE8D30}.Release|ARM.Deploy.0 = Release|ARM
		{B0DDFCB8-915D-4F52-9C1C-5F899AEE8D30}.Release|x64.ActiveCfg = Release|x64
		{B0DDFCB8-915D-4F52-9C1C-5F899AEE8D30}.Release|x64.Build.0 = Release|x64
		{B0DDFCB8-915D-4F52-9C1C-5F899AEE8D30}.Release|x64.Deploy.0 = Release|x64
		{B0DDFCB8-915D-4F52-9C1C-5F899AEE8D30}.Release|x86.ActiveCfg = Release|x86
		{B0DDFCB8-915D-4F52-9C1C-5F899AEE8D30}.Release|x86.Build.0 = Release|x86
		{B0DDFCB8-915D-4F52-9C1C-5F899AEE8D30}.Release|x86.Deploy.0 = Release|x86
		{3FAA808E-A848-4350-B545-9A561E7DEEDB}.Debug|Any CPU.ActiveCfg = Debug|Any CPU
		{3FAA808E-A848-4350-B545-9A561E7DEEDB}.Debug|Any CPU.Build.0 = Debug|Any CPU
		{3FAA808E-A848-4350-B545-9A561E7DEEDB}.Debug|ARM.ActiveCfg = Debug|ARM
		{3FAA808E-A848-4350-B545-9A561E7DEEDB}.Debug|ARM.Build.0 = Debug|ARM
		{3FAA808E-A848-4350-B545-9A561E7DEEDB}.Debug|x64.ActiveCfg = Debug|x64
		{3FAA808E-A848-4350-B545-9A561E7DEEDB}.Debug|x64.Build.0 = Debug|x64
		{3FAA808E-A848-4350-B545-9A561E7DEEDB}.Debug|x86.ActiveCfg = Debug|x86
		{3FAA808E-A848-4350-B545-9A561E7DEEDB}.Debug|x86.Build.0 = Debug|x86
		{3FAA808E-A848-4350-B545-9A561E7DEEDB}.Release|Any CPU.ActiveCfg = Release|Any CPU
		{3FAA808E-A848-4350-B545-9A561E7DEEDB}.Release|Any CPU.Build.0 = Release|Any CPU
		{3FAA808E-A848-4350-B545-9A561E7DEEDB}.Release|ARM.ActiveCfg = Release|ARM
		{3FAA808E-A848-4350-B545-9A561E7DEEDB}.Release|ARM.Build.0 = Release|ARM
		{3FAA808E-A848-4350-B545-9A561E7DEEDB}.Release|x64.ActiveCfg = Release|x64
		{3FAA808E-A848-4350-B545-9A561E7DEEDB}.Release|x64.Build.0 = Release|x64
		{3FAA808E-A848-4350-B545-9A561E7DEEDB}.Release|x86.ActiveCfg = Release|x86
		{3FAA808E-A848-4350-B545-9A561E7DEEDB}.Release|x86.Build.0 = Release|x86
		{DFEAB772-0350-4F32-BD4E-253E68EAF555}.Debug|Any CPU.ActiveCfg = Debug|Any CPU
		{DFEAB772-0350-4F32-BD4E-253E68EAF555}.Debug|Any CPU.Build.0 = Debug|Any CPU
		{DFEAB772-0350-4F32-BD4E-253E68EAF555}.Debug|ARM.ActiveCfg = Debug|ARM
		{DFEAB772-0350-4F32-BD4E-253E68EAF555}.Debug|ARM.Build.0 = Debug|ARM
		{DFEAB772-0350-4F32-BD4E-253E68EAF555}.Debug|x64.ActiveCfg = Debug|x64
		{DFEAB772-0350-4F32-BD4E-253E68EAF555}.Debug|x64.Build.0 = Debug|x64
		{DFEAB772-0350-4F32-BD4E-253E68EAF555}.Debug|x86.ActiveCfg = Debug|x86
		{DFEAB772-0350-4F32-BD4E-253E68EAF555}.Debug|x86.Build.0 = Debug|x86
		{DFEAB772-0350-4F32-BD4E-253E68EAF555}.Release|Any CPU.ActiveCfg = Release|Any CPU
		{DFEAB772-0350-4F32-BD4E-253E68EAF555}.Release|Any CPU.Build.0 = Release|Any CPU
		{DFEAB772-0350-4F32-BD4E-253E68EAF555}.Release|ARM.ActiveCfg = Release|ARM
		{DFEAB772-0350-4F32-BD4E-253E68EAF555}.Release|ARM.Build.0 = Release|ARM
		{DFEAB772-0350-4F32-BD4E-253E68EAF555}.Release|x64.ActiveCfg = Release|x64
		{DFEAB772-0350-4F32-BD4E-253E68EAF555}.Release|x64.Build.0 = Release|x64
		{DFEAB772-0350-4F32-BD4E-253E68EAF555}.Release|x86.ActiveCfg = Release|x86
		{DFEAB772-0350-4F32-BD4E-253E68EAF555}.Release|x86.Build.0 = Release|x86
	EndGlobalSection
	GlobalSection(SolutionProperties) = preSolution
		HideSolutionNode = FALSE
	EndGlobalSection
EndGlobal
